
Microsoft Visual Studio Solution File, Format Version 12.00
# Visual Studio Version 17
VisualStudioVersion = 17.3.32819.101
MinimumVisualStudioVersion = 10.0.40219.1
Project("{FAE04EC0-301F-11D3-BF4B-00C04F79EFBC}") = "DevMonitoringToolAPI", "DevMonitoringToolAPI.csproj", "{C1BED819-9FB2-440A-86A6-76E2081CC2B9}"
EndProject
Global
	GlobalSection(SolutionConfigurationPlatforms) = preSolution
		Debug|Any CPU = Debug|Any CPU
		Release|Any CPU = Release|Any CPU
	EndGlobalSection
	GlobalSection(ProjectConfigurationPlatforms) = postSolution
		{C1BED819-9FB2-440A-86A6-76E2081CC2B9}.Debug|Any CPU.ActiveCfg = Debug|Any CPU
		{C1BED819-9FB2-440A-86A6-76E2081CC2B9}.Debug|Any CPU.Build.0 = Debug|Any CPU
		{C1BED819-9FB2-440A-86A6-76E2081CC2B9}.Release|Any CPU.ActiveCfg = Release|Any CPU
		{C1BED819-9FB2-440A-86A6-76E2081CC2B9}.Release|Any CPU.Build.0 = Release|Any CPU
	EndGlobalSection
	GlobalSection(SolutionProperties) = preSolution
		HideSolutionNode = FALSE
	EndGlobalSection
	GlobalSection(ExtensibilityGlobals) = postSolution
		SolutionGuid = {F862D4AE-22B5-49F4-AA22-E7458F537E84}
	EndGlobalSection
EndGlobal
